
Microsoft Visual Studio Solution File, Format Version 12.00
# Visual Studio Version 17
VisualStudioVersion = 17.11.35327.3
MinimumVisualStudioVersion = 10.0.40219.1
Project("{9A19103F-16F7-4668-BE54-9A1E7A4F7556}") = "SampleApp.SetCookiesOnResponse", "SampleApp.SetCookiesOnResponse\SampleApp.SetCookiesOnResponse.csproj", "{D73BF88E-50BC-46ED-B5EF-0C45E9C7DA13}"
EndProject
Project("{FAE04EC0-301F-11D3-BF4B-00C04F79EFBC}") = "SampleApp.SetCookiesOnResponse.AppHost", "SampleApp.SetCookiesOnResponse.AppHost\SampleApp.SetCookiesOnResponse.AppHost.csproj", "{6B2E1292-E7EB-43BC-BFB5-3E5FAF84FDB1}"
EndProject
Project("{9A19103F-16F7-4668-BE54-9A1E7A4F7556}") = "SampleApp.SetCookiesOnResponse.ServiceDefaults", "SampleApp.SetCookiesOnResponse.ServiceDefaults\SampleApp.SetCookiesOnResponse.ServiceDefaults.csproj", "{93C77E5F-EF4F-4AC6-B45C-2562C392F414}"
EndProject
Project("{9A19103F-16F7-4668-BE54-9A1E7A4F7556}") = "SampleApp.SetCookiesOnResponse.FrontEnd", "SampleApp.SetCookiesOnResponse.FrontEnd\SampleApp.SetCookiesOnResponse.FrontEnd.csproj", "{46ECAEE6-05FE-458A-BBD5-764E48E81D07}"
EndProject
Global
	GlobalSection(SolutionConfigurationPlatforms) = preSolution
		Debug|Any CPU = Debug|Any CPU
		Release|Any CPU = Release|Any CPU
	EndGlobalSection
	GlobalSection(ProjectConfigurationPlatforms) = postSolution
		{D73BF88E-50BC-46ED-B5EF-0C45E9C7DA13}.Debug|Any CPU.ActiveCfg = Debug|Any CPU
		{D73BF88E-50BC-46ED-B5EF-0C45E9C7DA13}.Debug|Any CPU.Build.0 = Debug|Any CPU
		{D73BF88E-50BC-46ED-B5EF-0C45E9C7DA13}.Release|Any CPU.ActiveCfg = Release|Any CPU
		{D73BF88E-50BC-46ED-B5EF-0C45E9C7DA13}.Release|Any CPU.Build.0 = Release|Any CPU
		{6B2E1292-E7EB-43BC-BFB5-3E5FAF84FDB1}.Debug|Any CPU.ActiveCfg = Debug|Any CPU
		{6B2E1292-E7EB-43BC-BFB5-3E5FAF84FDB1}.Debug|Any CPU.Build.0 = Debug|Any CPU
		{6B2E1292-E7EB-43BC-BFB5-3E5FAF84FDB1}.Release|Any CPU.ActiveCfg = Release|Any CPU
		{6B2E1292-E7EB-43BC-BFB5-3E5FAF84FDB1}.Release|Any CPU.Build.0 = Release|Any CPU
		{93C77E5F-EF4F-4AC6-B45C-2562C392F414}.Debug|Any CPU.ActiveCfg = Debug|Any CPU
		{93C77E5F-EF4F-4AC6-B45C-2562C392F414}.Debug|Any CPU.Build.0 = Debug|Any CPU
		{93C77E5F-EF4F-4AC6-B45C-2562C392F414}.Release|Any CPU.ActiveCfg = Release|Any CPU
		{93C77E5F-EF4F-4AC6-B45C-2562C392F414}.Release|Any CPU.Build.0 = Release|Any CPU
		{46ECAEE6-05FE-458A-BBD5-764E48E81D07}.Debug|Any CPU.ActiveCfg = Debug|Any CPU
		{46ECAEE6-05FE-458A-BBD5-764E48E81D07}.Debug|Any CPU.Build.0 = Debug|Any CPU
		{46ECAEE6-05FE-458A-BBD5-764E48E81D07}.Release|Any CPU.ActiveCfg = Release|Any CPU
		{46ECAEE6-05FE-458A-BBD5-764E48E81D07}.Release|Any CPU.Build.0 = Release|Any CPU
	EndGlobalSection
	GlobalSection(SolutionProperties) = preSolution
		HideSolutionNode = FALSE
	EndGlobalSection
	GlobalSection(ExtensibilityGlobals) = postSolution
		SolutionGuid = {63E62214-BAAB-4864-8CD2-F6079B2CE50D}
	EndGlobalSection
EndGlobal
